
Microsoft Visual Studio Solution File, Format Version 12.00
# Visual Studio Version 17
VisualStudioVersion = 17.11.35327.3
MinimumVisualStudioVersion = 10.0.40219.1
Project("{8BC9CEB8-8B4A-11D0-8D11-00A0C91BC942}") = "wxwork_tools_cpp", "wxwork_tools_cpp\wxwork_tools_cpp.vcxproj", "{DA348F5B-5B53-4977-9414-902D4C38A1B1}"
EndProject
Global
	GlobalSection(SolutionConfigurationPlatforms) = preSolution
		Debug|x64 = Debug|x64
		Debug|x86 = Debug|x86
		Release|x64 = Release|x64
		Release|x86 = Release|x86
	EndGlobalSection
	GlobalSection(ProjectConfigurationPlatforms) = postSolution
		{DA348F5B-5B53-4977-9414-902D4C38A1B1}.Debug|x64.ActiveCfg = Debug|x64
		{DA348F5B-5B53-4977-9414-902D4C38A1B1}.Debug|x64.Build.0 = Debug|x64
		{DA348F5B-5B53-4977-9414-902D4C38A1B1}.Debug|x86.ActiveCfg = Debug|Win32
		{DA348F5B-5B53-4977-9414-902D4C38A1B1}.Debug|x86.Build.0 = Debug|Win32
		{DA348F5B-5B53-4977-9414-902D4C38A1B1}.Release|x64.ActiveCfg = Release|x64
		{DA348F5B-5B53-4977-9414-902D4C38A1B1}.Release|x64.Build.0 = Release|x64
		{DA348F5B-5B53-4977-9414-902D4C38A1B1}.Release|x86.ActiveCfg = Release|Win32
		{DA348F5B-5B53-4977-9414-902D4C38A1B1}.Release|x86.Build.0 = Release|Win32
	EndGlobalSection
	GlobalSection(SolutionProperties) = preSolution
		HideSolutionNode = FALSE
	EndGlobalSection
	GlobalSection(ExtensibilityGlobals) = postSolution
		SolutionGuid = {8F28D40C-36F0-4797-8557-3B63060060C0}
	EndGlobalSection
EndGlobal
